
Microsoft Visual Studio Solution File, Format Version 12.00
# Visual Studio Version 16
VisualStudioVersion = 16.0.30611.23
MinimumVisualStudioVersion = 10.0.40219.1
Project("{FAE04EC0-301F-11D3-BF4B-00C04F79EFBC}") = "InterfazBackUp", "InterfazBackUp\InterfazBackUp.csproj", "{4CF0A176-B174-4009-B873-D4A7F3E2ED38}"
EndProject
Global
	GlobalSection(SolutionConfigurationPlatforms) = preSolution
		Debug|Any CPU = Debug|Any CPU
		Release|Any CPU = Release|Any CPU
	EndGlobalSection
	GlobalSection(ProjectConfigurationPlatforms) = postSolution
		{4CF0A176-B174-4009-B873-D4A7F3E2ED38}.Debug|Any CPU.ActiveCfg = Debug|Any CPU
		{4CF0A176-B174-4009-B873-D4A7F3E2ED38}.Debug|Any CPU.Build.0 = Debug|Any CPU
		{4CF0A176-B174-4009-B873-D4A7F3E2ED38}.Release|Any CPU.ActiveCfg = Release|Any CPU
		{4CF0A176-B174-4009-B873-D4A7F3E2ED38}.Release|Any CPU.Build.0 = Release|Any CPU
	EndGlobalSection
	GlobalSection(SolutionProperties) = preSolution
		HideSolutionNode = FALSE
	EndGlobalSection
	GlobalSection(ExtensibilityGlobals) = postSolution
		SolutionGuid = {D3EC4749-B19A-4DFC-9BF0-2E2485037EE7}
	EndGlobalSection
EndGlobal
